// !$*UTF8*$!
{
	archiveVersion = 1;
	classes = {
	};
	objectVersion = 56;
	objects = {

/* Begin PBXBuildFile section */
		3075CBD12CA956330056319D /* AppDelegate.swift in Sources */ = {isa = PBXBuildFile; fileRef = 3075CBD02CA956330056319D /* AppDelegate.swift */; };
		3075CBD32CA956330056319D /* SceneDelegate.swift in Sources */ = {isa = PBXBuildFile; fileRef = 3075CBD22CA956330056319D /* SceneDelegate.swift */; };
		3075CBD52CA956330056319D /* ViewController.swift in Sources */ = {isa = PBXBuildFile; fileRef = 3075CBD42CA956330056319D /* ViewController.swift */; };
		3075CBD82CA956330056319D /* Main.storyboard in Resources */ = {isa = PBXBuildFile; fileRef = 3075CBD62CA956330056319D /* Main.storyboard */; };
		3075CBDA2CA956360056319D /* Assets.xcassets in Resources */ = {isa = PBXBuildFile; fileRef = 3075CBD92CA956350056319D /* Assets.xcassets */; };
		3075CBDD2CA956360056319D /* LaunchScreen.storyboard in Resources */ = {isa = PBXBuildFile; fileRef = 3075CBDB2CA956360056319D /* LaunchScreen.storyboard */; };
		3075CBE82CA9625B0056319D /* SpaceXViewController.swift in Sources */ = {isa = PBXBuildFile; fileRef = 3075CBE72CA9625B0056319D /* SpaceXViewController.swift */; };
		C3B2D635E07BDD57C02346DB /* Pods_GraphQLMVVMDemo.framework in Frameworks */ = {isa = PBXBuildFile; fileRef = F3E2321B82DC7506360438B2 /* Pods_GraphQLMVVMDemo.framework */; };
/* End PBXBuildFile section */

/* Begin PBXFileReference section */
		3075CBCD2CA956330056319D /* GraphQLMVVMDemo.app */ = {isa = PBXFileReference; explicitFileType = wrapper.application; includeInIndex = 0; path = GraphQLMVVMDemo.app; sourceTree = BUILT_PRODUCTS_DIR; };
		3075CBD02CA956330056319D /* AppDelegate.swift */ = {isa = PBXFileReference; lastKnownFileType = sourcecode.swift; path = AppDelegate.swift; sourceTree = "<group>"; };
		3075CBD22CA956330056319D /* SceneDelegate.swift */ = {isa = PBXFileReference; lastKnownFileType = sourcecode.swift; path = SceneDelegate.swift; sourceTree = "<group>"; };
		3075CBD42CA956330056319D /* ViewController.swift */ = {isa = PBXFileReference; lastKnownFileType = sourcecode.swift; path = ViewController.swift; sourceTree = "<group>"; };
		3075CBD72CA956330056319D /* Base */ = {isa = PBXFileReference; lastKnownFileType = file.storyboard; name = Base; path = Base.lproj/Main.storyboard; sourceTree = "<group>"; };
		3075CBD92CA956350056319D /* Assets.xcassets */ = {isa = PBXFileReference; lastKnownFileType = folder.assetcatalog; path = Assets.xcassets; sourceTree = "<group>"; };
		3075CBDC2CA956360056319D /* Base */ = {isa = PBXFileReference; lastKnownFileType = file.storyboard; name = Base; path = Base.lproj/LaunchScreen.storyboard; sourceTree = "<group>"; };
		3075CBDE2CA956360056319D /* Info.plist */ = {isa = PBXFileReference; lastKnownFileType = text.plist.xml; path = Info.plist; sourceTree = "<group>"; };
		3075CBE72CA9625B0056319D /* SpaceXViewController.swift */ = {isa = PBXFileReference; lastKnownFileType = sourcecode.swift; path = SpaceXViewController.swift; sourceTree = "<group>"; };
		732D0B7A436A4164343C2DB3 /* Pods-GraphQLMVVMDemo.release.xcconfig */ = {isa = PBXFileReference; includeInIndex = 1; lastKnownFileType = text.xcconfig; name = "Pods-GraphQLMVVMDemo.release.xcconfig"; path = "Target Support Files/Pods-GraphQLMVVMDemo/Pods-GraphQLMVVMDemo.release.xcconfig"; sourceTree = "<group>"; };
		D38BB532D19D1120ACADE01F /* Pods-GraphQLMVVMDemo.debug.xcconfig */ = {isa = PBXFileReference; includeInIndex = 1; lastKnownFileType = text.xcconfig; name = "Pods-GraphQLMVVMDemo.debug.xcconfig"; path = "Target Support Files/Pods-GraphQLMVVMDemo/Pods-GraphQLMVVMDemo.debug.xcconfig"; sourceTree = "<group>"; };
		F3E2321B82DC7506360438B2 /* Pods_GraphQLMVVMDemo.framework */ = {isa = PBXFileReference; explicitFileType = wrapper.framework; includeInIndex = 0; path = Pods_GraphQLMVVMDemo.framework; sourceTree = BUILT_PRODUCTS_DIR; };
/* End PBXFileReference section */

/* Begin PBXFrameworksBuildPhase section */
		3075CBCA2CA956330056319D /* Frameworks */ = {
			isa = PBXFrameworksBuildPhase;
			buildActionMask = 2147483647;
			files = (
				C3B2D635E07BDD57C02346DB /* Pods_GraphQLMVVMDemo.framework in Frameworks */,
			);
			runOnlyForDeploymentPostprocessing = 0;
		};
/* End PBXFrameworksBuildPhase section */

/* Begin PBXGroup section */
		3075CBC42CA956320056319D = {
			isa = PBXGroup;
			children = (
				3075CBCF2CA956330056319D /* GraphQLMVVMDemo */,
				3075CBCE2CA956330056319D /* Products */,
				75898D01429911AB5780301B /* Pods */,
				975E4F8A4146BD0FB29ED866 /* Frameworks */,
			);
			sourceTree = "<group>";
		};
		3075CBCE2CA956330056319D /* Products */ = {
			isa = PBXGroup;
			children = (
				3075CBCD2CA956330056319D /* GraphQLMVVMDemo.app */,
			);
			name = Products;
			sourceTree = "<group>";
		};
		3075CBCF2CA956330056319D /* GraphQLMVVMDemo */ = {
			isa = PBXGroup;
			children = (
				3075CBE62CA958810056319D /* Controller */,
				3075CBE52CA958770056319D /* ViewModel */,
				3075CBE42CA9586F0056319D /* Model */,
				3075CBD02CA956330056319D /* AppDelegate.swift */,
				3075CBD22CA956330056319D /* SceneDelegate.swift */,
				3075CBD42CA956330056319D /* ViewController.swift */,
				3075CBD62CA956330056319D /* Main.storyboard */,
				3075CBD92CA956350056319D /* Assets.xcassets */,
				3075CBDB2CA956360056319D /* LaunchScreen.storyboard */,
				3075CBDE2CA956360056319D /* Info.plist */,
			);
			path = GraphQLMVVMDemo;
			sourceTree = "<group>";
		};
		3075CBE42CA9586F0056319D /* Model */ = {
			isa = PBXGroup;
			children = (
			);
			path = Model;
			sourceTree = "<group>";
		};
		3075CBE52CA958770056319D /* ViewModel */ = {
			isa = PBXGroup;
			children = (
			);
			path = ViewModel;
			sourceTree = "<group>";
		};
		3075CBE62CA958810056319D /* Controller */ = {
			isa = PBXGroup;
			children = (
				3075CBE72CA9625B0056319D /* SpaceXViewController.swift */,
			);
			path = Controller;
			sourceTree = "<group>";
		};
		75898D01429911AB5780301B /* Pods */ = {
			isa = PBXGroup;
			children = (
				D38BB532D19D1120ACADE01F /* Pods-GraphQLMVVMDemo.debug.xcconfig */,
				732D0B7A436A4164343C2DB3 /* Pods-GraphQLMVVMDemo.release.xcconfig */,
			);
			path = Pods;
			sourceTree = "<group>";
		};
		975E4F8A4146BD0FB29ED866 /* Frameworks */ = {
			isa = PBXGroup;
			children = (
				F3E2321B82DC7506360438B2 /* Pods_GraphQLMVVMDemo.framework */,
			);
			name = Frameworks;
			sourceTree = "<group>";
		};
/* End PBXGroup section */

/* Begin PBXNativeTarget section */
		3075CBCC2CA956330056319D /* GraphQLMVVMDemo */ = {
			isa = PBXNativeTarget;
			buildConfigurationList = 3075CBE12CA956360056319D /* Build configuration list for PBXNativeTarget "GraphQLMVVMDemo" */;
			buildPhases = (
				9F6285A57E6CF12ABA74071D /* [CP] Check Pods Manifest.lock */,
				3075CBC92CA956330056319D /* Sources */,
				3075CBCA2CA956330056319D /* Frameworks */,
				3075CBCB2CA956330056319D /* Resources */,
				5B18E96DCD45B717AE4B77B0 /* [CP] Embed Pods Frameworks */,
			);
			buildRules = (
			);
			dependencies = (
			);
			name = GraphQLMVVMDemo;
			productName = GraphQLMVVMDemo;
			productReference = 3075CBCD2CA956330056319D /* GraphQLMVVMDemo.app */;
			productType = "com.apple.product-type.application";
		};
/* End PBXNativeTarget section */

/* Begin PBXProject section */
		3075CBC52CA956320056319D /* Project object */ = {
			isa = PBXProject;
			attributes = {
				BuildIndependentTargetsInParallel = 1;
				LastSwiftUpdateCheck = 1400;
				LastUpgradeCheck = 1400;
				TargetAttributes = {
					3075CBCC2CA956330056319D = {
						CreatedOnToolsVersion = 14.0;
					};
				};
			};
			buildConfigurationList = 3075CBC82CA956320056319D /* Build configuration list for PBXProject "GraphQLMVVMDemo" */;
			compatibilityVersion = "Xcode 14.0";
			developmentRegion = en;
			hasScannedForEncodings = 0;
			knownRegions = (
				en,
				Base,
			);
			mainGroup = 3075CBC42CA956320056319D;
			productRefGroup = 3075CBCE2CA956330056319D /* Products */;
			projectDirPath = "";
			projectRoot = "";
			targets = (
				3075CBCC2CA956330056319D /* GraphQLMVVMDemo */,
			);
		};
/* End PBXProject section */

/* Begin PBXResourcesBuildPhase section */
		3075CBCB2CA956330056319D /* Resources */ = {
			isa = PBXResourcesBuildPhase;
			buildActionMask = 2147483647;
			files = (
				3075CBDD2CA956360056319D /* LaunchScreen.storyboard in Resources */,
				3075CBDA2CA956360056319D /* Assets.xcassets in Resources */,
				3075CBD82CA956330056319D /* Main.storyboard in Resources */,
			);
			runOnlyForDeploymentPostprocessing = 0;
		};
/* End PBXResourcesBuildPhase section */

/* Begin PBXShellScriptBuildPhase section */
		5B18E96DCD45B717AE4B77B0 /* [CP] Embed Pods Frameworks */ = {
			isa = PBXShellScriptBuildPhase;
			buildActionMask = 2147483647;
			files = (
			);
			inputFileListPaths = (
				"${PODS_ROOT}/Target Support Files/Pods-GraphQLMVVMDemo/Pods-GraphQLMVVMDemo-frameworks-${CONFIGURATION}-input-files.xcfilelist",
			);
			name = "[CP] Embed Pods Frameworks";
			outputFileListPaths = (
				"${PODS_ROOT}/Target Support Files/Pods-GraphQLMVVMDemo/Pods-GraphQLMVVMDemo-frameworks-${CONFIGURATION}-output-files.xcfilelist",
			);
			runOnlyForDeploymentPostprocessing = 0;
			shellPath = /bin/sh;
			shellScript = "\"${PODS_ROOT}/Target Support Files/Pods-GraphQLMVVMDemo/Pods-GraphQLMVVMDemo-frameworks.sh\"\n";
			showEnvVarsInLog = 0;
		};
		9F6285A57E6CF12ABA74071D /* [CP] Check Pods Manifest.lock */ = {
			isa = PBXShellScriptBuildPhase;
			buildActionMask = 2147483647;
			files = (
			);
			inputFileListPaths = (
			);
			inputPaths = (
				"${PODS_PODFILE_DIR_PATH}/Podfile.lock",
				"${PODS_ROOT}/Manifest.lock",
			);
			name = "[CP] Check Pods Manifest.lock";
			outputFileListPaths = (
			);
			outputPaths = (
				"$(DERIVED_FILE_DIR)/Pods-GraphQLMVVMDemo-checkManifestLockResult.txt",
			);
			runOnlyForDeploymentPostprocessing = 0;
			shellPath = /bin/sh;
			shellScript = "diff \"${PODS_PODFILE_DIR_PATH}/Podfile.lock\" \"${PODS_ROOT}/Manifest.lock\" > /dev/null\nif [ $? != 0 ] ; then\n    # print error to STDERR\n    echo \"error: The sandbox is not in sync with the Podfile.lock. Run 'pod install' or update your CocoaPods installation.\" >&2\n    exit 1\nfi\n# This output is used by Xcode 'outputs' to avoid re-running this script phase.\necho \"SUCCESS\" > \"${SCRIPT_OUTPUT_FILE_0}\"\n";
			showEnvVarsInLog = 0;
		};
/* End PBXShellScriptBuildPhase section */

/* Begin PBXSourcesBuildPhase section */
		3075CBC92CA956330056319D /* Sources */ = {
			isa = PBXSourcesBuildPhase;
			buildActionMask = 2147483647;
			files = (
				3075CBE82CA9625B0056319D /* SpaceXViewController.swift in Sources */,
				3075CBD52CA956330056319D /* ViewController.swift in Sources */,
				3075CBD12CA956330056319D /* AppDelegate.swift in Sources */,
				3075CBD32CA956330056319D /* SceneDelegate.swift in Sources */,
			);
			runOnlyForDeploymentPostprocessing = 0;
		};
/* End PBXSourcesBuildPhase section */

/* Begin PBXVariantGroup section */
		3075CBD62CA956330056319D /* Main.storyboard */ = {
			isa = PBXVariantGroup;
			children = (
				3075CBD72CA956330056319D /* Base */,
			);
			name = Main.storyboard;
			sourceTree = "<group>";
		};
		3075CBDB2CA956360056319D /* LaunchScreen.storyboard */ = {
			isa = PBXVariantGroup;
			children = (
				3075CBDC2CA956360056319D /* Base */,
			);
			name = LaunchScreen.storyboard;
			sourceTree = "<group>";
		};
/* End PBXVariantGroup section */

/* Begin XCBuildConfiguration section */
		3075CBDF2CA956360056319D /* Debug */ = {
			isa = XCBuildConfiguration;
			buildSettings = {
				ALWAYS_SEARCH_USER_PATHS = NO;
				CLANG_ANALYZER_NONNULL = YES;
				CLANG_ANALYZER_NUMBER_OBJECT_CONVERSION = YES_AGGRESSIVE;
				CLANG_CXX_LANGUAGE_STANDARD = "gnu++20";
				CLANG_ENABLE_MODULES = YES;
				CLANG_ENABLE_OBJC_ARC = YES;
				CLANG_ENABLE_OBJC_WEAK = YES;
				CLANG_WARN_BLOCK_CAPTURE_AUTORELEASING = YES;
				CLANG_WARN_BOOL_CONVERSION = YES;
				CLANG_WARN_COMMA = YES;
				CLANG_WARN_CONSTANT_CONVERSION = YES;
				CLANG_WARN_DEPRECATED_OBJC_IMPLEMENTATIONS = YES;
				CLANG_WARN_DIRECT_OBJC_ISA_USAGE = YES_ERROR;
				CLANG_WARN_DOCUMENTATION_COMMENTS = YES;
				CLANG_WARN_EMPTY_BODY = YES;
				CLANG_WARN_ENUM_CONVERSION = YES;
				CLANG_WARN_INFINITE_RECURSION = YES;
				CLANG_WARN_INT_CONVERSION = YES;
				CLANG_WARN_NON_LITERAL_NULL_CONVERSION = YES;
				CLANG_WARN_OBJC_IMPLICIT_RETAIN_SELF = YES;
				CLANG_WARN_OBJC_LITERAL_CONVERSION = YES;
				CLANG_WARN_OBJC_ROOT_CLASS = YES_ERROR;
				CLANG_WARN_QUOTED_INCLUDE_IN_FRAMEWORK_HEADER = YES;
				CLANG_WARN_RANGE_LOOP_ANALYSIS = YES;
				CLANG_WARN_STRICT_PROTOTYPES = YES;
				CLANG_WARN_SUSPICIOUS_MOVE = YES;
				CLANG_WARN_UNGUARDED_AVAILABILITY = YES_AGGRESSIVE;
				CLANG_WARN_UNREACHABLE_CODE = YES;
				CLANG_WARN__DUPLICATE_METHOD_MATCH = YES;
				COPY_PHASE_STRIP = NO;
				DEBUG_INFORMATION_FORMAT = dwarf;
				ENABLE_STRICT_OBJC_MSGSEND = YES;
				ENABLE_TESTABILITY = YES;
				GCC_C_LANGUAGE_STANDARD = gnu11;
				GCC_DYNAMIC_NO_PIC = NO;
				GCC_NO_COMMON_BLOCKS = YES;
				GCC_OPTIMIZATION_LEVEL = 0;
				GCC_PREPROCESSOR_DEFINITIONS = (
					"DEBUG=1",
					"$(inherited)",
				);
				GCC_WARN_64_TO_32_BIT_CONVERSION = YES;
				GCC_WARN_ABOUT_RETURN_TYPE = YES_ERROR;
				GCC_WARN_UNDECLARED_SELECTOR = YES;
				GCC_WARN_UNINITIALIZED_AUTOS = YES_AGGRESSIVE;
				GCC_WARN_UNUSED_FUNCTION = YES;
				GCC_WARN_UNUSED_VARIABLE = YES;
				IPHONEOS_DEPLOYMENT_TARGET = 16.0;
				MTL_ENABLE_DEBUG_INFO = INCLUDE_SOURCE;
				MTL_FAST_MATH = YES;
				ONLY_ACTIVE_ARCH = YES;
				SDKROOT = iphoneos;
				SWIFT_ACTIVE_COMPILATION_CONDITIONS = DEBUG;
				SWIFT_OPTIMIZATION_LEVEL = "-Onone";
			};
			name = Debug;
		};
		3075CBE02CA956360056319D /* Release */ = {
			isa = XCBuildConfiguration;
			buildSettings = {
				ALWAYS_SEARCH_USER_PATHS = NO;
				CLANG_ANALYZER_NONNULL = YES;
				CLANG_ANALYZER_NUMBER_OBJECT_CONVERSION = YES_AGGRESSIVE;
				CLANG_CXX_LANGUAGE_STANDARD = "gnu++20";
				CLANG_ENABLE_MODULES = YES;
				CLANG_ENABLE_OBJC_ARC = YES;
				CLANG_ENABLE_OBJC_WEAK = YES;
				CLANG_WARN_BLOCK_CAPTURE_AUTORELEASING = YES;
				CLANG_WARN_BOOL_CONVERSION = YES;
				CLANG_WARN_COMMA = YES;
				CLANG_WARN_CONSTANT_CONVERSION = YES;
				CLANG_WARN_DEPRECATED_OBJC_IMPLEMENTATIONS = YES;
				CLANG_WARN_DIRECT_OBJC_ISA_USAGE = YES_ERROR;
				CLANG_WARN_DOCUMENTATION_COMMENTS = YES;
				CLANG_WARN_EMPTY_BODY = YES;
				CLANG_WARN_ENUM_CONVERSION = YES;
				CLANG_WARN_INFINITE_RECURSION = YES;
				CLANG_WARN_INT_CONVERSION = YES;
				CLANG_WARN_NON_LITERAL_NULL_CONVERSION = YES;
				CLANG_WARN_OBJC_IMPLICIT_RETAIN_SELF = YES;
				CLANG_WARN_OBJC_LITERAL_CONVERSION = YES;
				CLANG_WARN_OBJC_ROOT_CLASS = YES_ERROR;
				CLANG_WARN_QUOTED_INCLUDE_IN_FRAMEWORK_HEADER = YES;
				CLANG_WARN_RANGE_LOOP_ANALYSIS = YES;
				CLANG_WARN_STRICT_PROTOTYPES = YES;
				CLANG_WARN_SUSPICIOUS_MOVE = YES;
				CLANG_WARN_UNGUARDED_AVAILABILITY = YES_AGGRESSIVE;
				CLANG_WARN_UNREACHABLE_CODE = YES;
				CLANG_WARN__DUPLICATE_METHOD_MATCH = YES;
				COPY_PHASE_STRIP = NO;
				DEBUG_INFORMATION_FORMAT = "dwarf-with-dsym";
				ENABLE_NS_ASSERTIONS = NO;
				ENABLE_STRICT_OBJC_MSGSEND = YES;
				GCC_C_LANGUAGE_STANDARD = gnu11;
				GCC_NO_COMMON_BLOCKS = YES;
				GCC_WARN_64_TO_32_BIT_CONVERSION = YES;
				GCC_WARN_ABOUT_RETURN_TYPE = YES_ERROR;
				GCC_WARN_UNDECLARED_SELECTOR = YES;
				GCC_WARN_UNINITIALIZED_AUTOS = YES_AGGRESSIVE;
				GCC_WARN_UNUSED_FUNCTION = YES;
				GCC_WARN_UNUSED_VARIABLE = YES;
				IPHONEOS_DEPLOYMENT_TARGET = 16.0;
				MTL_ENABLE_DEBUG_INFO = NO;
				MTL_FAST_MATH = YES;
				SDKROOT = iphoneos;
				SWIFT_COMPILATION_MODE = wholemodule;
				SWIFT_OPTIMIZATION_LEVEL = "-O";
				VALIDATE_PRODUCT = YES;
			};
			name = Release;
		};
		3075CBE22CA956360056319D /* Debug */ = {
			isa = XCBuildConfiguration;
			baseConfigurationReference = D38BB532D19D1120ACADE01F /* Pods-GraphQLMVVMDemo.debug.xcconfig */;
			buildSettings = {
				ASSETCATALOG_COMPILER_APPICON_NAME = AppIcon;
				ASSETCATALOG_COMPILER_GLOBAL_ACCENT_COLOR_NAME = AccentColor;
				CODE_SIGN_STYLE = Automatic;
				CURRENT_PROJECT_VERSION = 1;
				GENERATE_INFOPLIST_FILE = YES;
				INFOPLIST_FILE = GraphQLMVVMDemo/Info.plist;
				INFOPLIST_KEY_UIApplicationSupportsIndirectInputEvents = YES;
				INFOPLIST_KEY_UILaunchStoryboardName = LaunchScreen;
				INFOPLIST_KEY_UIMainStoryboardFile = Main;
				INFOPLIST_KEY_UISupportedInterfaceOrientations_iPad = "UIInterfaceOrientationPortrait UIInterfaceOrientationPortraitUpsideDown UIInterfaceOrientationLandscapeLeft UIInterfaceOrientationLandscapeRight";
				INFOPLIST_KEY_UISupportedInterfaceOrientations_iPhone = "UIInterfaceOrientationPortrait UIInterfaceOrientationLandscapeLeft UIInterfaceOrientationLandscapeRight";
				LD_RUNPATH_SEARCH_PATHS = (
					"$(inherited)",
					"@executable_path/Frameworks",
				);
				MARKETING_VERSION = 1.0;
				PRODUCT_BUNDLE_IDENTIFIER = com.gatha.GraphQLMVVMDemo;
				PRODUCT_NAME = "$(TARGET_NAME)";
				SWIFT_EMIT_LOC_STRINGS = YES;
				SWIFT_VERSION = 5.0;
				TARGETED_DEVICE_FAMILY = "1,2";
			};
			name = Debug;
		};
		3075CBE32CA956360056319D /* Release */ = {
			isa = XCBuildConfiguration;
			baseConfigurationReference = 732D0B7A436A4164343C2DB3 /* Pods-GraphQLMVVMDemo.release.xcconfig */;
			buildSettings = {
				ASSETCATALOG_COMPILER_APPICON_NAME = AppIcon;
				ASSETCATALOG_COMPILER_GLOBAL_ACCENT_COLOR_NAME = AccentColor;
				CODE_SIGN_STYLE = Automatic;
				CURRENT_PROJECT_VERSION = 1;
				GENERATE_INFOPLIST_FILE = YES;
				INFOPLIST_FILE = GraphQLMVVMDemo/Info.plist;
				INFOPLIST_KEY_UIApplicationSupportsIndirectInputEvents = YES;
				INFOPLIST_KEY_UILaunchStoryboardName = LaunchScreen;
				INFOPLIST_KEY_UIMainStoryboardFile = Main;
				INFOPLIST_KEY_UISupportedInterfaceOrientations_iPad = "UIInterfaceOrientationPortrait UIInterfaceOrientationPortraitUpsideDown UIInterfaceOrientationLandscapeLeft UIInterfaceOrientationLandscapeRight";
				INFOPLIST_KEY_UISupportedInterfaceOrientations_iPhone = "UIInterfaceOrientationPortrait UIInterfaceOrientationLandscapeLeft UIInterfaceOrientationLandscapeRight";
				LD_RUNPATH_SEARCH_PATHS = (
					"$(inherited)",
					"@executable_path/Frameworks",
				);
				MARKETING_VERSION = 1.0;
				PRODUCT_BUNDLE_IDENTIFIER = com.gatha.GraphQLMVVMDemo;
				PRODUCT_NAME = "$(TARGET_NAME)";
				SWIFT_EMIT_LOC_STRINGS = YES;
				SWIFT_VERSION = 5.0;
				TARGETED_DEVICE_FAMILY = "1,2";
			};
			name = Release;
		};
/* End XCBuildConfiguration section */

/* Begin XCConfigurationList section */
		3075CBC82CA956320056319D /* Build configuration list for PBXProject "GraphQLMVVMDemo" */ = {
			isa = XCConfigurationList;
			buildConfigurations = (
				3075CBDF2CA956360056319D /* Debug */,
				3075CBE02CA956360056319D /* Release */,
			);
			defaultConfigurationIsVisible = 0;
			defaultConfigurationName = Release;
		};
		3075CBE12CA956360056319D /* Build configuration list for PBXNativeTarget "GraphQLMVVMDemo" */ = {
			isa = XCConfigurationList;
			buildConfigurations = (
				3075CBE22CA956360056319D /* Debug */,
				3075CBE32CA956360056319D /* Release */,
			);
			defaultConfigurationIsVisible = 0;
			defaultConfigurationName = Release;
		};
/* End XCConfigurationList section */
	};
	rootObject = 3075CBC52CA956320056319D /* Project object */;
}
